
Microsoft Visual Studio Solution File, Format Version 12.00
# Visual Studio Version 17
VisualStudioVersion = 17.6.33723.286
MinimumVisualStudioVersion = 10.0.40219.1
Project("{FAE04EC0-301F-11D3-BF4B-00C04F79EFBC}") = "BankingApp_CICD", "BankingApp_CICD\BankingApp_CICD.csproj", "{F012CDF9-057D-4D35-812D-96BFDADC7621}"
EndProject
Global
	GlobalSection(SolutionConfigurationPlatforms) = preSolution
		Debug|Any CPU = Debug|Any CPU
		Release|Any CPU = Release|Any CPU
	EndGlobalSection
	GlobalSection(ProjectConfigurationPlatforms) = postSolution
		{F012CDF9-057D-4D35-812D-96BFDADC7621}.Debug|Any CPU.ActiveCfg = Debug|Any CPU
		{F012CDF9-057D-4D35-812D-96BFDADC7621}.Debug|Any CPU.Build.0 = Debug|Any CPU
		{F012CDF9-057D-4D35-812D-96BFDADC7621}.Release|Any CPU.ActiveCfg = Release|Any CPU
		{F012CDF9-057D-4D35-812D-96BFDADC7621}.Release|Any CPU.Build.0 = Release|Any CPU
	EndGlobalSection
	GlobalSection(SolutionProperties) = preSolution
		HideSolutionNode = FALSE
	EndGlobalSection
	GlobalSection(ExtensibilityGlobals) = postSolution
		SolutionGuid = {9A1FDE12-98F9-47B1-A2F2-939D4E565EA2}
	EndGlobalSection
EndGlobal
